// !$*UTF8*$!
{
	archiveVersion = 1;
	classes = {
	};
	objectVersion = 56;
	objects = {

/* Begin PBXBuildFile section */
		F2402C5029A21E41007CEAC8 /* AppDelegate.swift in Sources */ = {isa = PBXBuildFile; fileRef = F2402C4F29A21E41007CEAC8 /* AppDelegate.swift */; };
		F2402C5229A21E41007CEAC8 /* SceneDelegate.swift in Sources */ = {isa = PBXBuildFile; fileRef = F2402C5129A21E41007CEAC8 /* SceneDelegate.swift */; };
		F2402C5429A21E41007CEAC8 /* ViewController.swift in Sources */ = {isa = PBXBuildFile; fileRef = F2402C5329A21E41007CEAC8 /* ViewController.swift */; };
		F2402C5729A21E41007CEAC8 /* Main.storyboard in Resources */ = {isa = PBXBuildFile; fileRef = F2402C5529A21E41007CEAC8 /* Main.storyboard */; };
		F2402C5929A21E42007CEAC8 /* Assets.xcassets in Resources */ = {isa = PBXBuildFile; fileRef = F2402C5829A21E42007CEAC8 /* Assets.xcassets */; };
		F2402C5C29A21E42007CEAC8 /* LaunchScreen.storyboard in Resources */ = {isa = PBXBuildFile; fileRef = F2402C5A29A21E42007CEAC8 /* LaunchScreen.storyboard */; };
		F2402C6729A21E42007CEAC8 /* XCTestExampleTests.swift in Sources */ = {isa = PBXBuildFile; fileRef = F2402C6629A21E42007CEAC8 /* XCTestExampleTests.swift */; };
		F2402C7129A21E42007CEAC8 /* XCTestExampleUITests.swift in Sources */ = {isa = PBXBuildFile; fileRef = F2402C7029A21E42007CEAC8 /* XCTestExampleUITests.swift */; };
		F2402C7329A21E42007CEAC8 /* XCTestExampleUITestsLaunchTests.swift in Sources */ = {isa = PBXBuildFile; fileRef = F2402C7229A21E42007CEAC8 /* XCTestExampleUITestsLaunchTests.swift */; };
		F2402C8029A21E75007CEAC8 /* SampleTest.swift in Sources */ = {isa = PBXBuildFile; fileRef = F2402C7F29A21E75007CEAC8 /* SampleTest.swift */; };
/* End PBXBuildFile section */

/* Begin PBXContainerItemProxy section */
		F2402C6329A21E42007CEAC8 /* PBXContainerItemProxy */ = {
			isa = PBXContainerItemProxy;
			containerPortal = F2402C4429A21E41007CEAC8 /* Project object */;
			proxyType = 1;
			remoteGlobalIDString = F2402C4B29A21E41007CEAC8;
			remoteInfo = XCTestExample;
		};
		F2402C6D29A21E42007CEAC8 /* PBXContainerItemProxy */ = {
			isa = PBXContainerItemProxy;
			containerPortal = F2402C4429A21E41007CEAC8 /* Project object */;
			proxyType = 1;
			remoteGlobalIDString = F2402C4B29A21E41007CEAC8;
			remoteInfo = XCTestExample;
		};
/* End PBXContainerItemProxy section */

/* Begin PBXFileReference section */
		F2402C4C29A21E41007CEAC8 /* XCTestExample.app */ = {isa = PBXFileReference; explicitFileType = wrapper.application; includeInIndex = 0; path = XCTestExample.app; sourceTree = BUILT_PRODUCTS_DIR; };
		F2402C4F29A21E41007CEAC8 /* AppDelegate.swift */ = {isa = PBXFileReference; lastKnownFileType = sourcecode.swift; path = AppDelegate.swift; sourceTree = "<group>"; };
		F2402C5129A21E41007CEAC8 /* SceneDelegate.swift */ = {isa = PBXFileReference; lastKnownFileType = sourcecode.swift; path = SceneDelegate.swift; sourceTree = "<group>"; };
		F2402C5329A21E41007CEAC8 /* ViewController.swift */ = {isa = PBXFileReference; lastKnownFileType = sourcecode.swift; path = ViewController.swift; sourceTree = "<group>"; };
		F2402C5629A21E41007CEAC8 /* Base */ = {isa = PBXFileReference; lastKnownFileType = file.storyboard; name = Base; path = Base.lproj/Main.storyboard; sourceTree = "<group>"; };
		F2402C5829A21E42007CEAC8 /* Assets.xcassets */ = {isa = PBXFileReference; lastKnownFileType = folder.assetcatalog; path = Assets.xcassets; sourceTree = "<group>"; };
		F2402C5B29A21E42007CEAC8 /* Base */ = {isa = PBXFileReference; lastKnownFileType = file.storyboard; name = Base; path = Base.lproj/LaunchScreen.storyboard; sourceTree = "<group>"; };
		F2402C5D29A21E42007CEAC8 /* Info.plist */ = {isa = PBXFileReference; lastKnownFileType = text.plist.xml; path = Info.plist; sourceTree = "<group>"; };
		F2402C6229A21E42007CEAC8 /* XCTestExampleTests.xctest */ = {isa = PBXFileReference; explicitFileType = wrapper.cfbundle; includeInIndex = 0; path = XCTestExampleTests.xctest; sourceTree = BUILT_PRODUCTS_DIR; };
		F2402C6629A21E42007CEAC8 /* XCTestExampleTests.swift */ = {isa = PBXFileReference; lastKnownFileType = sourcecode.swift; path = XCTestExampleTests.swift; sourceTree = "<group>"; };
		F2402C6C29A21E42007CEAC8 /* XCTestExampleUITests.xctest */ = {isa = PBXFileReference; explicitFileType = wrapper.cfbundle; includeInIndex = 0; path = XCTestExampleUITests.xctest; sourceTree = BUILT_PRODUCTS_DIR; };
		F2402C7029A21E42007CEAC8 /* XCTestExampleUITests.swift */ = {isa = PBXFileReference; lastKnownFileType = sourcecode.swift; path = XCTestExampleUITests.swift; sourceTree = "<group>"; };
		F2402C7229A21E42007CEAC8 /* XCTestExampleUITestsLaunchTests.swift */ = {isa = PBXFileReference; lastKnownFileType = sourcecode.swift; path = XCTestExampleUITestsLaunchTests.swift; sourceTree = "<group>"; };
		F2402C7F29A21E75007CEAC8 /* SampleTest.swift */ = {isa = PBXFileReference; lastKnownFileType = sourcecode.swift; path = SampleTest.swift; sourceTree = "<group>"; };
/* End PBXFileReference section */

/* Begin PBXFrameworksBuildPhase section */
		F2402C4929A21E41007CEAC8 /* Frameworks */ = {
			isa = PBXFrameworksBuildPhase;
			buildActionMask = 2147483647;
			files = (
			);
			runOnlyForDeploymentPostprocessing = 0;
		};
		F2402C5F29A21E42007CEAC8 /* Frameworks */ = {
			isa = PBXFrameworksBuildPhase;
			buildActionMask = 2147483647;
			files = (
			);
			runOnlyForDeploymentPostprocessing = 0;
		};
		F2402C6929A21E42007CEAC8 /* Frameworks */ = {
			isa = PBXFrameworksBuildPhase;
			buildActionMask = 2147483647;
			files = (
			);
			runOnlyForDeploymentPostprocessing = 0;
		};
/* End PBXFrameworksBuildPhase section */

/* Begin PBXGroup section */
		F2402C4329A21E41007CEAC8 = {
			isa = PBXGroup;
			children = (
				F2402C4E29A21E41007CEAC8 /* XCTestExample */,
				F2402C6529A21E42007CEAC8 /* XCTestExampleTests */,
				F2402C6F29A21E42007CEAC8 /* XCTestExampleUITests */,
				F2402C4D29A21E41007CEAC8 /* Products */,
			);
			sourceTree = "<group>";
		};
		F2402C4D29A21E41007CEAC8 /* Products */ = {
			isa = PBXGroup;
			children = (
				F2402C4C29A21E41007CEAC8 /* XCTestExample.app */,
				F2402C6229A21E42007CEAC8 /* XCTestExampleTests.xctest */,
				F2402C6C29A21E42007CEAC8 /* XCTestExampleUITests.xctest */,
			);
			name = Products;
			sourceTree = "<group>";
		};
		F2402C4E29A21E41007CEAC8 /* XCTestExample */ = {
			isa = PBXGroup;
			children = (
				F2402C4F29A21E41007CEAC8 /* AppDelegate.swift */,
				F2402C5129A21E41007CEAC8 /* SceneDelegate.swift */,
				F2402C5329A21E41007CEAC8 /* ViewController.swift */,
				F2402C5529A21E41007CEAC8 /* Main.storyboard */,
				F2402C5829A21E42007CEAC8 /* Assets.xcassets */,
				F2402C5A29A21E42007CEAC8 /* LaunchScreen.storyboard */,
				F2402C5D29A21E42007CEAC8 /* Info.plist */,
			);
			path = XCTestExample;
			sourceTree = "<group>";
		};
		F2402C6529A21E42007CEAC8 /* XCTestExampleTests */ = {
			isa = PBXGroup;
			children = (
				F2402C6629A21E42007CEAC8 /* XCTestExampleTests.swift */,
				F2402C7F29A21E75007CEAC8 /* SampleTest.swift */,
			);
			path = XCTestExampleTests;
			sourceTree = "<group>";
		};
		F2402C6F29A21E42007CEAC8 /* XCTestExampleUITests */ = {
			isa = PBXGroup;
			children = (
				F2402C7029A21E42007CEAC8 /* XCTestExampleUITests.swift */,
				F2402C7229A21E42007CEAC8 /* XCTestExampleUITestsLaunchTests.swift */,
			);
			path = XCTestExampleUITests;
			sourceTree = "<group>";
		};
/* End PBXGroup section */

/* Begin PBXNativeTarget section */
		F2402C4B29A21E41007CEAC8 /* XCTestExample */ = {
			isa = PBXNativeTarget;
			buildConfigurationList = F2402C7629A21E42007CEAC8 /* Build configuration list for PBXNativeTarget "XCTestExample" */;
			buildPhases = (
				F2402C4829A21E41007CEAC8 /* Sources */,
				F2402C4929A21E41007CEAC8 /* Frameworks */,
				F2402C4A29A21E41007CEAC8 /* Resources */,
			);
			buildRules = (
			);
			dependencies = (
			);
			name = XCTestExample;
			productName = XCTestExample;
			productReference = F2402C4C29A21E41007CEAC8 /* XCTestExample.app */;
			productType = "com.apple.product-type.application";
		};
		F2402C6129A21E42007CEAC8 /* XCTestExampleTests */ = {
			isa = PBXNativeTarget;
			buildConfigurationList = F2402C7929A21E42007CEAC8 /* Build configuration list for PBXNativeTarget "XCTestExampleTests" */;
			buildPhases = (
				F2402C5E29A21E42007CEAC8 /* Sources */,
				F2402C5F29A21E42007CEAC8 /* Frameworks */,
				F2402C6029A21E42007CEAC8 /* Resources */,
			);
			buildRules = (
			);
			dependencies = (
				F2402C6429A21E42007CEAC8 /* PBXTargetDependency */,
			);
			name = XCTestExampleTests;
			productName = XCTestExampleTests;
			productReference = F2402C6229A21E42007CEAC8 /* XCTestExampleTests.xctest */;
			productType = "com.apple.product-type.bundle.unit-test";
		};
		F2402C6B29A21E42007CEAC8 /* XCTestExampleUITests */ = {
			isa = PBXNativeTarget;
			buildConfigurationList = F2402C7C29A21E42007CEAC8 /* Build configuration list for PBXNativeTarget "XCTestExampleUITests" */;
			buildPhases = (
				F2402C6829A21E42007CEAC8 /* Sources */,
				F2402C6929A21E42007CEAC8 /* Frameworks */,
				F2402C6A29A21E42007CEAC8 /* Resources */,
			);
			buildRules = (
			);
			dependencies = (
				F2402C6E29A21E42007CEAC8 /* PBXTargetDependency */,
			);
			name = XCTestExampleUITests;
			productName = XCTestExampleUITests;
			productReference = F2402C6C29A21E42007CEAC8 /* XCTestExampleUITests.xctest */;
			productType = "com.apple.product-type.bundle.ui-testing";
		};
/* End PBXNativeTarget section */

/* Begin PBXProject section */
		F2402C4429A21E41007CEAC8 /* Project object */ = {
			isa = PBXProject;
			attributes = {
				BuildIndependentTargetsInParallel = 1;
				LastSwiftUpdateCheck = 1420;
				LastUpgradeCheck = 1420;
				TargetAttributes = {
					F2402C4B29A21E41007CEAC8 = {
						CreatedOnToolsVersion = 14.2;
					};
					F2402C6129A21E42007CEAC8 = {
						CreatedOnToolsVersion = 14.2;
						TestTargetID = F2402C4B29A21E41007CEAC8;
					};
					F2402C6B29A21E42007CEAC8 = {
						CreatedOnToolsVersion = 14.2;
						TestTargetID = F2402C4B29A21E41007CEAC8;
					};
				};
			};
			buildConfigurationList = F2402C4729A21E41007CEAC8 /* Build configuration list for PBXProject "XCTestExample" */;
			compatibilityVersion = "Xcode 14.0";
			developmentRegion = en;
			hasScannedForEncodings = 0;
			knownRegions = (
				en,
				Base,
			);
			mainGroup = F2402C4329A21E41007CEAC8;
			productRefGroup = F2402C4D29A21E41007CEAC8 /* Products */;
			projectDirPath = "";
			projectRoot = "";
			targets = (
				F2402C4B29A21E41007CEAC8 /* XCTestExample */,
				F2402C6129A21E42007CEAC8 /* XCTestExampleTests */,
				F2402C6B29A21E42007CEAC8 /* XCTestExampleUITests */,
			);
		};
/* End PBXProject section */

/* Begin PBXResourcesBuildPhase section */
		F2402C4A29A21E41007CEAC8 /* Resources */ = {
			isa = PBXResourcesBuildPhase;
			buildActionMask = 2147483647;
			files = (
				F2402C5C29A21E42007CEAC8 /* LaunchScreen.storyboard in Resources */,
				F2402C5929A21E42007CEAC8 /* Assets.xcassets in Resources */,
				F2402C5729A21E41007CEAC8 /* Main.storyboard in Resources */,
			);
			runOnlyForDeploymentPostprocessing = 0;
		};
		F2402C6029A21E42007CEAC8 /* Resources */ = {
			isa = PBXResourcesBuildPhase;
			buildActionMask = 2147483647;
			files = (
			);
			runOnlyForDeploymentPostprocessing = 0;
		};
		F2402C6A29A21E42007CEAC8 /* Resources */ = {
			isa = PBXResourcesBuildPhase;
			buildActionMask = 2147483647;
			files = (
			);
			runOnlyForDeploymentPostprocessing = 0;
		};
/* End PBXResourcesBuildPhase section */

/* Begin PBXSourcesBuildPhase section */
		F2402C4829A21E41007CEAC8 /* Sources */ = {
			isa = PBXSourcesBuildPhase;
			buildActionMask = 2147483647;
			files = (
				F2402C5429A21E41007CEAC8 /* ViewController.swift in Sources */,
				F2402C5029A21E41007CEAC8 /* AppDelegate.swift in Sources */,
				F2402C5229A21E41007CEAC8 /* SceneDelegate.swift in Sources */,
			);
			runOnlyForDeploymentPostprocessing = 0;
		};
		F2402C5E29A21E42007CEAC8 /* Sources */ = {
			isa = PBXSourcesBuildPhase;
			buildActionMask = 2147483647;
			files = (
				F2402C6729A21E42007CEAC8 /* XCTestExampleTests.swift in Sources */,
				F2402C8029A21E75007CEAC8 /* SampleTest.swift in Sources */,
			);
			runOnlyForDeploymentPostprocessing = 0;
		};
		F2402C6829A21E42007CEAC8 /* Sources */ = {
			isa = PBXSourcesBuildPhase;
			buildActionMask = 2147483647;
			files = (
				F2402C7329A21E42007CEAC8 /* XCTestExampleUITestsLaunchTests.swift in Sources */,
				F2402C7129A21E42007CEAC8 /* XCTestExampleUITests.swift in Sources */,
			);
			runOnlyForDeploymentPostprocessing = 0;
		};
/* End PBXSourcesBuildPhase section */

/* Begin PBXTargetDependency section */
		F2402C6429A21E42007CEAC8 /* PBXTargetDependency */ = {
			isa = PBXTargetDependency;
			target = F2402C4B29A21E41007CEAC8 /* XCTestExample */;
			targetProxy = F2402C6329A21E42007CEAC8 /* PBXContainerItemProxy */;
		};
		F2402C6E29A21E42007CEAC8 /* PBXTargetDependency */ = {
			isa = PBXTargetDependency;
			target = F2402C4B29A21E41007CEAC8 /* XCTestExample */;
			targetProxy = F2402C6D29A21E42007CEAC8 /* PBXContainerItemProxy */;
		};
/* End PBXTargetDependency section */

/* Begin PBXVariantGroup section */
		F2402C5529A21E41007CEAC8 /* Main.storyboard */ = {
			isa = PBXVariantGroup;
			children = (
				F2402C5629A21E41007CEAC8 /* Base */,
			);
			name = Main.storyboard;
			sourceTree = "<group>";
		};
		F2402C5A29A21E42007CEAC8 /* LaunchScreen.storyboard */ = {
			isa = PBXVariantGroup;
			children = (
				F2402C5B29A21E42007CEAC8 /* Base */,
			);
			name = LaunchScreen.storyboard;
			sourceTree = "<group>";
		};
/* End PBXVariantGroup section */

/* Begin XCBuildConfiguration section */
		F2402C7429A21E42007CEAC8 /* Debug */ = {
			isa = XCBuildConfiguration;
			buildSettings = {
				ALWAYS_SEARCH_USER_PATHS = NO;
				CLANG_ANALYZER_NONNULL = YES;
				CLANG_ANALYZER_NUMBER_OBJECT_CONVERSION = YES_AGGRESSIVE;
				CLANG_CXX_LANGUAGE_STANDARD = "gnu++20";
				CLANG_ENABLE_MODULES = YES;
				CLANG_ENABLE_OBJC_ARC = YES;
				CLANG_ENABLE_OBJC_WEAK = YES;
				CLANG_WARN_BLOCK_CAPTURE_AUTORELEASING = YES;
				CLANG_WARN_BOOL_CONVERSION = YES;
				CLANG_WARN_COMMA = YES;
				CLANG_WARN_CONSTANT_CONVERSION = YES;
				CLANG_WARN_DEPRECATED_OBJC_IMPLEMENTATIONS = YES;
				CLANG_WARN_DIRECT_OBJC_ISA_USAGE = YES_ERROR;
				CLANG_WARN_DOCUMENTATION_COMMENTS = YES;
				CLANG_WARN_EMPTY_BODY = YES;
				CLANG_WARN_ENUM_CONVERSION = YES;
				CLANG_WARN_INFINITE_RECURSION = YES;
				CLANG_WARN_INT_CONVERSION = YES;
				CLANG_WARN_NON_LITERAL_NULL_CONVERSION = YES;
				CLANG_WARN_OBJC_IMPLICIT_RETAIN_SELF = YES;
				CLANG_WARN_OBJC_LITERAL_CONVERSION = YES;
				CLANG_WARN_OBJC_ROOT_CLASS = YES_ERROR;
				CLANG_WARN_QUOTED_INCLUDE_IN_FRAMEWORK_HEADER = YES;
				CLANG_WARN_RANGE_LOOP_ANALYSIS = YES;
				CLANG_WARN_STRICT_PROTOTYPES = YES;
				CLANG_WARN_SUSPICIOUS_MOVE = YES;
				CLANG_WARN_UNGUARDED_AVAILABILITY = YES_AGGRESSIVE;
				CLANG_WARN_UNREACHABLE_CODE = YES;
				CLANG_WARN__DUPLICATE_METHOD_MATCH = YES;
				COPY_PHASE_STRIP = NO;
				DEBUG_INFORMATION_FORMAT = dwarf;
				ENABLE_STRICT_OBJC_MSGSEND = YES;
				ENABLE_TESTABILITY = YES;
				GCC_C_LANGUAGE_STANDARD = gnu11;
				GCC_DYNAMIC_NO_PIC = NO;
				GCC_NO_COMMON_BLOCKS = YES;
				GCC_OPTIMIZATION_LEVEL = 0;
				GCC_PREPROCESSOR_DEFINITIONS = (
					"DEBUG=1",
					"$(inherited)",
				);
				GCC_WARN_64_TO_32_BIT_CONVERSION = YES;
				GCC_WARN_ABOUT_RETURN_TYPE = YES_ERROR;
				GCC_WARN_UNDECLARED_SELECTOR = YES;
				GCC_WARN_UNINITIALIZED_AUTOS = YES_AGGRESSIVE;
				GCC_WARN_UNUSED_FUNCTION = YES;
				GCC_WARN_UNUSED_VARIABLE = YES;
				IPHONEOS_DEPLOYMENT_TARGET = 16.2;
				MTL_ENABLE_DEBUG_INFO = INCLUDE_SOURCE;
				MTL_FAST_MATH = YES;
				ONLY_ACTIVE_ARCH = YES;
				SDKROOT = iphoneos;
				SWIFT_ACTIVE_COMPILATION_CONDITIONS = DEBUG;
				SWIFT_OPTIMIZATION_LEVEL = "-Onone";
			};
			name = Debug;
		};
		F2402C7529A21E42007CEAC8 /* Release */ = {
			isa = XCBuildConfiguration;
			buildSettings = {
				ALWAYS_SEARCH_USER_PATHS = NO;
				CLANG_ANALYZER_NONNULL = YES;
				CLANG_ANALYZER_NUMBER_OBJECT_CONVERSION = YES_AGGRESSIVE;
				CLANG_CXX_LANGUAGE_STANDARD = "gnu++20";
				CLANG_ENABLE_MODULES = YES;
				CLANG_ENABLE_OBJC_ARC = YES;
				CLANG_ENABLE_OBJC_WEAK = YES;
				CLANG_WARN_BLOCK_CAPTURE_AUTORELEASING = YES;
				CLANG_WARN_BOOL_CONVERSION = YES;
				CLANG_WARN_COMMA = YES;
				CLANG_WARN_CONSTANT_CONVERSION = YES;
				CLANG_WARN_DEPRECATED_OBJC_IMPLEMENTATIONS = YES;
				CLANG_WARN_DIRECT_OBJC_ISA_USAGE = YES_ERROR;
				CLANG_WARN_DOCUMENTATION_COMMENTS = YES;
				CLANG_WARN_EMPTY_BODY = YES;
				CLANG_WARN_ENUM_CONVERSION = YES;
				CLANG_WARN_INFINITE_RECURSION = YES;
				CLANG_WARN_INT_CONVERSION = YES;
				CLANG_WARN_NON_LITERAL_NULL_CONVERSION = YES;
				CLANG_WARN_OBJC_IMPLICIT_RETAIN_SELF = YES;
				CLANG_WARN_OBJC_LITERAL_CONVERSION = YES;
				CLANG_WARN_OBJC_ROOT_CLASS = YES_ERROR;
				CLANG_WARN_QUOTED_INCLUDE_IN_FRAMEWORK_HEADER = YES;
				CLANG_WARN_RANGE_LOOP_ANALYSIS = YES;
				CLANG_WARN_STRICT_PROTOTYPES = YES;
				CLANG_WARN_SUSPICIOUS_MOVE = YES;
				CLANG_WARN_UNGUARDED_AVAILABILITY = YES_AGGRESSIVE;
				CLANG_WARN_UNREACHABLE_CODE = YES;
				CLANG_WARN__DUPLICATE_METHOD_MATCH = YES;
				COPY_PHASE_STRIP = NO;
				DEBUG_INFORMATION_FORMAT = "dwarf-with-dsym";
				ENABLE_NS_ASSERTIONS = NO;
				ENABLE_STRICT_OBJC_MSGSEND = YES;
				GCC_C_LANGUAGE_STANDARD = gnu11;
				GCC_NO_COMMON_BLOCKS = YES;
				GCC_WARN_64_TO_32_BIT_CONVERSION = YES;
				GCC_WARN_ABOUT_RETURN_TYPE = YES_ERROR;
				GCC_WARN_UNDECLARED_SELECTOR = YES;
				GCC_WARN_UNINITIALIZED_AUTOS = YES_AGGRESSIVE;
				GCC_WARN_UNUSED_FUNCTION = YES;
				GCC_WARN_UNUSED_VARIABLE = YES;
				IPHONEOS_DEPLOYMENT_TARGET = 16.2;
				MTL_ENABLE_DEBUG_INFO = NO;
				MTL_FAST_MATH = YES;
				SDKROOT = iphoneos;
				SWIFT_COMPILATION_MODE = wholemodule;
				SWIFT_OPTIMIZATION_LEVEL = "-O";
				VALIDATE_PRODUCT = YES;
			};
			name = Release;
		};
		F2402C7729A21E42007CEAC8 /* Debug */ = {
			isa = XCBuildConfiguration;
			buildSettings = {
				ASSETCATALOG_COMPILER_APPICON_NAME = AppIcon;
				ASSETCATALOG_COMPILER_GLOBAL_ACCENT_COLOR_NAME = AccentColor;
				CODE_SIGN_STYLE = Automatic;
				CURRENT_PROJECT_VERSION = 1;
				DEVELOPMENT_TEAM = C5NYRXAMR7;
				GENERATE_INFOPLIST_FILE = YES;
				INFOPLIST_FILE = XCTestExample/Info.plist;
				INFOPLIST_KEY_UIApplicationSupportsIndirectInputEvents = YES;
				INFOPLIST_KEY_UILaunchStoryboardName = LaunchScreen;
				INFOPLIST_KEY_UIMainStoryboardFile = Main;
				INFOPLIST_KEY_UISupportedInterfaceOrientations_iPad = "UIInterfaceOrientationPortrait UIInterfaceOrientationPortraitUpsideDown UIInterfaceOrientationLandscapeLeft UIInterfaceOrientationLandscapeRight";
				INFOPLIST_KEY_UISupportedInterfaceOrientations_iPhone = "UIInterfaceOrientationPortrait UIInterfaceOrientationLandscapeLeft UIInterfaceOrientationLandscapeRight";
				LD_RUNPATH_SEARCH_PATHS = (
					"$(inherited)",
					"@executable_path/Frameworks",
				);
				MARKETING_VERSION = 1.0;
				PRODUCT_BUNDLE_IDENTIFIER = com.priyal.porwal.XCTestExample;
				PRODUCT_NAME = "$(TARGET_NAME)";
				SWIFT_EMIT_LOC_STRINGS = YES;
				SWIFT_VERSION = 5.0;
				TARGETED_DEVICE_FAMILY = "1,2";
			};
			name = Debug;
		};
		F2402C7829A21E42007CEAC8 /* Release */ = {
			isa = XCBuildConfiguration;
			buildSettings = {
				ASSETCATALOG_COMPILER_APPICON_NAME = AppIcon;
				ASSETCATALOG_COMPILER_GLOBAL_ACCENT_COLOR_NAME = AccentColor;
				CODE_SIGN_STYLE = Automatic;
				CURRENT_PROJECT_VERSION = 1;
				DEVELOPMENT_TEAM = C5NYRXAMR7;
				GENERATE_INFOPLIST_FILE = YES;
				INFOPLIST_FILE = XCTestExample/Info.plist;
				INFOPLIST_KEY_UIApplicationSupportsIndirectInputEvents = YES;
				INFOPLIST_KEY_UILaunchStoryboardName = LaunchScreen;
				INFOPLIST_KEY_UIMainStoryboardFile = Main;
				INFOPLIST_KEY_UISupportedInterfaceOrientations_iPad = "UIInterfaceOrientationPortrait UIInterfaceOrientationPortraitUpsideDown UIInterfaceOrientationLandscapeLeft UIInterfaceOrientationLandscapeRight";
				INFOPLIST_KEY_UISupportedInterfaceOrientations_iPhone = "UIInterfaceOrientationPortrait UIInterfaceOrientationLandscapeLeft UIInterfaceOrientationLandscapeRight";
				LD_RUNPATH_SEARCH_PATHS = (
					"$(inherited)",
					"@executable_path/Frameworks",
				);
				MARKETING_VERSION = 1.0;
				PRODUCT_BUNDLE_IDENTIFIER = com.priyal.porwal.XCTestExample;
				PRODUCT_NAME = "$(TARGET_NAME)";
				SWIFT_EMIT_LOC_STRINGS = YES;
				SWIFT_VERSION = 5.0;
				TARGETED_DEVICE_FAMILY = "1,2";
			};
			name = Release;
		};
		F2402C7A29A21E42007CEAC8 /* Debug */ = {
			isa = XCBuildConfiguration;
			buildSettings = {
				ALWAYS_EMBED_SWIFT_STANDARD_LIBRARIES = YES;
				BUNDLE_LOADER = "$(TEST_HOST)";
				CODE_SIGN_STYLE = Automatic;
				CURRENT_PROJECT_VERSION = 1;
				DEVELOPMENT_TEAM = C5NYRXAMR7;
				GENERATE_INFOPLIST_FILE = YES;
				IPHONEOS_DEPLOYMENT_TARGET = 16.2;
				MARKETING_VERSION = 1.0;
				PRODUCT_BUNDLE_IDENTIFIER = com.priyal.porwal.XCTestExampleTests;
				PRODUCT_NAME = "$(TARGET_NAME)";
				SWIFT_EMIT_LOC_STRINGS = NO;
				SWIFT_VERSION = 5.0;
				TARGETED_DEVICE_FAMILY = "1,2";
				TEST_HOST = "$(BUILT_PRODUCTS_DIR)/XCTestExample.app/$(BUNDLE_EXECUTABLE_FOLDER_PATH)/XCTestExample";
			};
			name = Debug;
		};
		F2402C7B29A21E42007CEAC8 /* Release */ = {
			isa = XCBuildConfiguration;
			buildSettings = {
				ALWAYS_EMBED_SWIFT_STANDARD_LIBRARIES = YES;
				BUNDLE_LOADER = "$(TEST_HOST)";
				CODE_SIGN_STYLE = Automatic;
				CURRENT_PROJECT_VERSION = 1;
				DEVELOPMENT_TEAM = C5NYRXAMR7;
				GENERATE_INFOPLIST_FILE = YES;
				IPHONEOS_DEPLOYMENT_TARGET = 16.2;
				MARKETING_VERSION = 1.0;
				PRODUCT_BUNDLE_IDENTIFIER = com.priyal.porwal.XCTestExampleTests;
				PRODUCT_NAME = "$(TARGET_NAME)";
				SWIFT_EMIT_LOC_STRINGS = NO;
				SWIFT_VERSION = 5.0;
				TARGETED_DEVICE_FAMILY = "1,2";
				TEST_HOST = "$(BUILT_PRODUCTS_DIR)/XCTestExample.app/$(BUNDLE_EXECUTABLE_FOLDER_PATH)/XCTestExample";
			};
			name = Release;
		};
		F2402C7D29A21E42007CEAC8 /* Debug */ = {
			isa = XCBuildConfiguration;
			buildSettings = {
				ALWAYS_EMBED_SWIFT_STANDARD_LIBRARIES = YES;
				CODE_SIGN_STYLE = Automatic;
				CURRENT_PROJECT_VERSION = 1;
				DEVELOPMENT_TEAM = C5NYRXAMR7;
				GENERATE_INFOPLIST_FILE = YES;
				MARKETING_VERSION = 1.0;
				PRODUCT_BUNDLE_IDENTIFIER = com.priyal.porwal.XCTestExampleUITests;
				PRODUCT_NAME = "$(TARGET_NAME)";
				SWIFT_EMIT_LOC_STRINGS = NO;
				SWIFT_VERSION = 5.0;
				TARGETED_DEVICE_FAMILY = "1,2";
				TEST_TARGET_NAME = XCTestExample;
			};
			name = Debug;
		};
		F2402C7E29A21E42007CEAC8 /* Release */ = {
			isa = XCBuildConfiguration;
			buildSettings = {
				ALWAYS_EMBED_SWIFT_STANDARD_LIBRARIES = YES;
				CODE_SIGN_STYLE = Automatic;
				CURRENT_PROJECT_VERSION = 1;
				DEVELOPMENT_TEAM = C5NYRXAMR7;
				GENERATE_INFOPLIST_FILE = YES;
				MARKETING_VERSION = 1.0;
				PRODUCT_BUNDLE_IDENTIFIER = com.priyal.porwal.XCTestExampleUITests;
				PRODUCT_NAME = "$(TARGET_NAME)";
				SWIFT_EMIT_LOC_STRINGS = NO;
				SWIFT_VERSION = 5.0;
				TARGETED_DEVICE_FAMILY = "1,2";
				TEST_TARGET_NAME = XCTestExample;
			};
			name = Release;
		};
/* End XCBuildConfiguration section */

/* Begin XCConfigurationList section */
		F2402C4729A21E41007CEAC8 /* Build configuration list for PBXProject "XCTestExample" */ = {
			isa = XCConfigurationList;
			buildConfigurations = (
				F2402C7429A21E42007CEAC8 /* Debug */,
				F2402C7529A21E42007CEAC8 /* Release */,
			);
			defaultConfigurationIsVisible = 0;
			defaultConfigurationName = Release;
		};
		F2402C7629A21E42007CEAC8 /* Build configuration list for PBXNativeTarget "XCTestExample" */ = {
			isa = XCConfigurationList;
			buildConfigurations = (
				F2402C7729A21E42007CEAC8 /* Debug */,
				F2402C7829A21E42007CEAC8 /* Release */,
			);
			defaultConfigurationIsVisible = 0;
			defaultConfigurationName = Release;
		};
		F2402C7929A21E42007CEAC8 /* Build configuration list for PBXNativeTarget "XCTestExampleTests" */ = {
			isa = XCConfigurationList;
			buildConfigurations = (
				F2402C7A29A21E42007CEAC8 /* Debug */,
				F2402C7B29A21E42007CEAC8 /* Release */,
			);
			defaultConfigurationIsVisible = 0;
			defaultConfigurationName = Release;
		};
		F2402C7C29A21E42007CEAC8 /* Build configuration list for PBXNativeTarget "XCTestExampleUITests" */ = {
			isa = XCConfigurationList;
			buildConfigurations = (
				F2402C7D29A21E42007CEAC8 /* Debug */,
				F2402C7E29A21E42007CEAC8 /* Release */,
			);
			defaultConfigurationIsVisible = 0;
			defaultConfigurationName = Release;
		};
/* End XCConfigurationList section */
	};
	rootObject = F2402C4429A21E41007CEAC8 /* Project object */;
}
